
Microsoft Visual Studio Solution File, Format Version 12.00
Project("{FAE04EC0-301F-11D3-BF4B-00C04F79EFBC}") = "WebApplication1", "WebApplication1\WebApplication1.csproj", "{3BCEA19A-334D-4C35-A630-A4B304CA17E1}"
EndProject
Project("{FAE04EC0-301F-11D3-BF4B-00C04F79EFBC}") = "WebApplication.Tests", "WebApplication.Tests\WebApplication.Tests.csproj", "{DEEA64A1-08A3-458F-A387-2F921CA7F1D0}"
EndProject
Global
	GlobalSection(SolutionConfigurationPlatforms) = preSolution
		Debug|Any CPU = Debug|Any CPU
		Release|Any CPU = Release|Any CPU
	EndGlobalSection
	GlobalSection(ProjectConfigurationPlatforms) = postSolution
		{3BCEA19A-334D-4C35-A630-A4B304CA17E1}.Debug|Any CPU.ActiveCfg = Debug|Any CPU
		{3BCEA19A-334D-4C35-A630-A4B304CA17E1}.Debug|Any CPU.Build.0 = Debug|Any CPU
		{3BCEA19A-334D-4C35-A630-A4B304CA17E1}.Release|Any CPU.ActiveCfg = Release|Any CPU
		{3BCEA19A-334D-4C35-A630-A4B304CA17E1}.Release|Any CPU.Build.0 = Release|Any CPU
		{DEEA64A1-08A3-458F-A387-2F921CA7F1D0}.Debug|Any CPU.ActiveCfg = Debug|Any CPU
		{DEEA64A1-08A3-458F-A387-2F921CA7F1D0}.Debug|Any CPU.Build.0 = Debug|Any CPU
		{DEEA64A1-08A3-458F-A387-2F921CA7F1D0}.Release|Any CPU.ActiveCfg = Release|Any CPU
		{DEEA64A1-08A3-458F-A387-2F921CA7F1D0}.Release|Any CPU.Build.0 = Release|Any CPU
	EndGlobalSection
EndGlobal
